
Microsoft Visual Studio Solution File, Format Version 12.00
# Visual Studio 15
VisualStudioVersion = 15.0.27130.2027
MinimumVisualStudioVersion = 10.0.40219.1
Project("{FAE04EC0-301F-11D3-BF4B-00C04F79EFBC}") = "AlgTask", "AlgTask\AlgTask.csproj", "{5C7CC4A4-0855-4501-8F42-AD3FFDB0558B}"
EndProject
Global
	GlobalSection(SolutionConfigurationPlatforms) = preSolution
		Debug|Any CPU = Debug|Any CPU
		Release|Any CPU = Release|Any CPU
	EndGlobalSection
	GlobalSection(ProjectConfigurationPlatforms) = postSolution
		{5C7CC4A4-0855-4501-8F42-AD3FFDB0558B}.Debug|Any CPU.ActiveCfg = Debug|Any CPU
		{5C7CC4A4-0855-4501-8F42-AD3FFDB0558B}.Debug|Any CPU.Build.0 = Debug|Any CPU
		{5C7CC4A4-0855-4501-8F42-AD3FFDB0558B}.Release|Any CPU.ActiveCfg = Release|Any CPU
		{5C7CC4A4-0855-4501-8F42-AD3FFDB0558B}.Release|Any CPU.Build.0 = Release|Any CPU
	EndGlobalSection
	GlobalSection(SolutionProperties) = preSolution
		HideSolutionNode = FALSE
	EndGlobalSection
	GlobalSection(ExtensibilityGlobals) = postSolution
		SolutionGuid = {3DD759CE-150D-4256-A643-CD8507AC249C}
	EndGlobalSection
EndGlobal
